
Microsoft Visual Studio Solution File, Format Version 12.00
Project("{FAE04EC0-301F-11D3-BF4B-00C04F79EFBC}") = "iCinema.Infrastructure", "iCinema.Infrastructure\iCinema.Infrastructure.csproj", "{4BD55762-9C49-42AD-922A-8667B92A7F38}"
EndProject
Project("{FAE04EC0-301F-11D3-BF4B-00C04F79EFBC}") = "iCinema.Api", "iCinema.Api\iCinema.Api.csproj", "{E8003E68-D710-4D07-9350-EF4F04D75CAA}"
EndProject
Global
	GlobalSection(SolutionConfigurationPlatforms) = preSolution
		Debug|Any CPU = Debug|Any CPU
		Release|Any CPU = Release|Any CPU
	EndGlobalSection
	GlobalSection(ProjectConfigurationPlatforms) = postSolution
		{4BD55762-9C49-42AD-922A-8667B92A7F38}.Debug|Any CPU.ActiveCfg = Debug|Any CPU
		{4BD55762-9C49-42AD-922A-8667B92A7F38}.Debug|Any CPU.Build.0 = Debug|Any CPU
		{4BD55762-9C49-42AD-922A-8667B92A7F38}.Release|Any CPU.ActiveCfg = Release|Any CPU
		{4BD55762-9C49-42AD-922A-8667B92A7F38}.Release|Any CPU.Build.0 = Release|Any CPU
		{E8003E68-D710-4D07-9350-EF4F04D75CAA}.Debug|Any CPU.ActiveCfg = Debug|Any CPU
		{E8003E68-D710-4D07-9350-EF4F04D75CAA}.Debug|Any CPU.Build.0 = Debug|Any CPU
		{E8003E68-D710-4D07-9350-EF4F04D75CAA}.Release|Any CPU.ActiveCfg = Release|Any CPU
		{E8003E68-D710-4D07-9350-EF4F04D75CAA}.Release|Any CPU.Build.0 = Release|Any CPU
	EndGlobalSection
EndGlobal
